
Microsoft Visual Studio Solution File, Format Version 12.00
# Visual Studio Version 17
VisualStudioVersion = 17.4.33103.184
MinimumVisualStudioVersion = 10.0.40219.1
Project("{9A19103F-16F7-4668-BE54-9A1E7A4F7556}") = "WebAPI", "WeShare\WebAPI.csproj", "{CF0AE53F-1688-4D2D-9B40-02062935DE5A}"
EndProject
Project("{FAE04EC0-301F-11D3-BF4B-00C04F79EFBC}") = "Tests", "Tests\Tests.csproj", "{852E66F3-BC73-4C8D-9658-83466ED96674}"
EndProject
Global
	GlobalSection(SolutionConfigurationPlatforms) = preSolution
		Debug|Any CPU = Debug|Any CPU
		Release|Any CPU = Release|Any CPU
	EndGlobalSection
	GlobalSection(ProjectConfigurationPlatforms) = postSolution
		{CF0AE53F-1688-4D2D-9B40-02062935DE5A}.Debug|Any CPU.ActiveCfg = Debug|Any CPU
		{CF0AE53F-1688-4D2D-9B40-02062935DE5A}.Debug|Any CPU.Build.0 = Debug|Any CPU
		{CF0AE53F-1688-4D2D-9B40-02062935DE5A}.Release|Any CPU.ActiveCfg = Release|Any CPU
		{CF0AE53F-1688-4D2D-9B40-02062935DE5A}.Release|Any CPU.Build.0 = Release|Any CPU
		{852E66F3-BC73-4C8D-9658-83466ED96674}.Debug|Any CPU.ActiveCfg = Debug|Any CPU
		{852E66F3-BC73-4C8D-9658-83466ED96674}.Debug|Any CPU.Build.0 = Debug|Any CPU
		{852E66F3-BC73-4C8D-9658-83466ED96674}.Release|Any CPU.ActiveCfg = Release|Any CPU
		{852E66F3-BC73-4C8D-9658-83466ED96674}.Release|Any CPU.Build.0 = Release|Any CPU
	EndGlobalSection
	GlobalSection(SolutionProperties) = preSolution
		HideSolutionNode = FALSE
	EndGlobalSection
	GlobalSection(ExtensibilityGlobals) = postSolution
		SolutionGuid = {341F3AF9-3AF7-4471-BE24-5DCA3299DA76}
	EndGlobalSection
EndGlobal
